
Microsoft Visual Studio Solution File, Format Version 12.00
# Visual Studio Version 17
VisualStudioVersion = 17.0.32112.339
MinimumVisualStudioVersion = 10.0.40219.1
Project("{9A19103F-16F7-4668-BE54-9A1E7A4F7556}") = "QuotesAPI", "QuotesAPI.csproj", "{472F37BB-8044-45B0-A88B-040E29164EEB}"
EndProject
Project("{FAE04EC0-301F-11D3-BF4B-00C04F79EFBC}") = "QuotesTest", "..\QuotesTest\QuotesTest.csproj", "{DFF67257-61CE-4E48-A041-6AE664AF7E98}"
EndProject
Global
	GlobalSection(SolutionConfigurationPlatforms) = preSolution
		Debug|Any CPU = Debug|Any CPU
		Release|Any CPU = Release|Any CPU
	EndGlobalSection
	GlobalSection(ProjectConfigurationPlatforms) = postSolution
		{472F37BB-8044-45B0-A88B-040E29164EEB}.Debug|Any CPU.ActiveCfg = Debug|Any CPU
		{472F37BB-8044-45B0-A88B-040E29164EEB}.Debug|Any CPU.Build.0 = Debug|Any CPU
		{472F37BB-8044-45B0-A88B-040E29164EEB}.Release|Any CPU.ActiveCfg = Release|Any CPU
		{472F37BB-8044-45B0-A88B-040E29164EEB}.Release|Any CPU.Build.0 = Release|Any CPU
		{DFF67257-61CE-4E48-A041-6AE664AF7E98}.Debug|Any CPU.ActiveCfg = Debug|Any CPU
		{DFF67257-61CE-4E48-A041-6AE664AF7E98}.Debug|Any CPU.Build.0 = Debug|Any CPU
		{DFF67257-61CE-4E48-A041-6AE664AF7E98}.Release|Any CPU.ActiveCfg = Release|Any CPU
		{DFF67257-61CE-4E48-A041-6AE664AF7E98}.Release|Any CPU.Build.0 = Release|Any CPU
	EndGlobalSection
	GlobalSection(SolutionProperties) = preSolution
		HideSolutionNode = FALSE
	EndGlobalSection
	GlobalSection(ExtensibilityGlobals) = postSolution
		SolutionGuid = {98CA42ED-7524-437A-92DA-96BB307E84B1}
	EndGlobalSection
EndGlobal
